
Microsoft Visual Studio Solution File, Format Version 12.00
# Visual Studio Version 16
VisualStudioVersion = 16.0.29613.14
MinimumVisualStudioVersion = 10.0.40219.1
Project("{FAE04EC0-301F-11D3-BF4B-00C04F79EFBC}") = "StockManager.WF", "StockManager.WF\StockManager.WF.csproj", "{9F8172D9-79DB-499D-B6E6-C90DD7058066}"
EndProject
Project("{00D1A9C2-B5F0-4AF3-8072-F6C62B433612}") = "StockManager.DB", "StockManager\StockManager.DB.sqlproj", "{241220DA-F0FE-46C4-B8E5-4F391BF52DBF}"
EndProject
Global
	GlobalSection(SolutionConfigurationPlatforms) = preSolution
		Debug|Any CPU = Debug|Any CPU
		Release|Any CPU = Release|Any CPU
	EndGlobalSection
	GlobalSection(ProjectConfigurationPlatforms) = postSolution
		{9F8172D9-79DB-499D-B6E6-C90DD7058066}.Debug|Any CPU.ActiveCfg = Debug|Any CPU
		{9F8172D9-79DB-499D-B6E6-C90DD7058066}.Debug|Any CPU.Build.0 = Debug|Any CPU
		{9F8172D9-79DB-499D-B6E6-C90DD7058066}.Release|Any CPU.ActiveCfg = Release|Any CPU
		{9F8172D9-79DB-499D-B6E6-C90DD7058066}.Release|Any CPU.Build.0 = Release|Any CPU
		{241220DA-F0FE-46C4-B8E5-4F391BF52DBF}.Debug|Any CPU.ActiveCfg = Debug|Any CPU
		{241220DA-F0FE-46C4-B8E5-4F391BF52DBF}.Debug|Any CPU.Build.0 = Debug|Any CPU
		{241220DA-F0FE-46C4-B8E5-4F391BF52DBF}.Debug|Any CPU.Deploy.0 = Debug|Any CPU
		{241220DA-F0FE-46C4-B8E5-4F391BF52DBF}.Release|Any CPU.ActiveCfg = Release|Any CPU
		{241220DA-F0FE-46C4-B8E5-4F391BF52DBF}.Release|Any CPU.Build.0 = Release|Any CPU
		{241220DA-F0FE-46C4-B8E5-4F391BF52DBF}.Release|Any CPU.Deploy.0 = Release|Any CPU
	EndGlobalSection
	GlobalSection(SolutionProperties) = preSolution
		HideSolutionNode = FALSE
	EndGlobalSection
	GlobalSection(ExtensibilityGlobals) = postSolution
		SolutionGuid = {7C655DD8-BA77-40F2-9812-2B248D4B25E3}
	EndGlobalSection
EndGlobal
